
Microsoft Visual Studio Solution File, Format Version 12.00
# Visual Studio 15
VisualStudioVersion = 15.0.27130.2010
MinimumVisualStudioVersion = 10.0.40219.1
Project("{FAE04EC0-301F-11D3-BF4B-00C04F79EFBC}") = "Sigleton", "Sigleton\Sigleton.csproj", "{FB61854D-EC66-4D4A-9226-450393AFFF83}"
EndProject
Project("{FAE04EC0-301F-11D3-BF4B-00C04F79EFBC}") = "FactoryMethod", "FactoryMethod\FactoryMethod.csproj", "{68627424-DB15-4B00-88B0-555D3E697619}"
EndProject
Project("{9A19103F-16F7-4668-BE54-9A1E7A4F7556}") = "AbstractFactory", "AbstractFactory\AbstractFactory.csproj", "{56EDD263-AC4F-4A49-9894-F2A63CA85BDD}"
EndProject
Project("{9A19103F-16F7-4668-BE54-9A1E7A4F7556}") = "Prototype", "Prototype\Prototype.csproj", "{C3438E61-A5CB-4075-8914-DB570E9D6C44}"
EndProject
Project("{9A19103F-16F7-4668-BE54-9A1E7A4F7556}") = "Builder", "Builderr\Builder.csproj", "{EA8167C0-6D82-412A-836B-7310F20DC641}"
EndProject
Project("{FAE04EC0-301F-11D3-BF4B-00C04F79EFBC}") = "Facade", "Facade\Facade.csproj", "{6BCF698B-9E5C-4AB8-9132-DA4A29FFE20E}"
EndProject
Project("{FAE04EC0-301F-11D3-BF4B-00C04F79EFBC}") = "Adapter", "Adapter\Adapter.csproj", "{D39D645A-FD54-44A3-8405-00205B8FC233}"
EndProject
Project("{FAE04EC0-301F-11D3-BF4B-00C04F79EFBC}") = "Composite", "Composite\Composite.csproj", "{EB06849D-FA68-483C-AD0F-E0A1AD4FF2E4}"
EndProject
Project("{FAE04EC0-301F-11D3-BF4B-00C04F79EFBC}") = "Proxy", "Proxy\Proxy.csproj", "{AF633F5F-9F9E-46E1-9F46-E637E733FF06}"
EndProject
Project("{FAE04EC0-301F-11D3-BF4B-00C04F79EFBC}") = "Decorator", "Decorator\Decorator.csproj", "{1DC4C327-3014-40BC-8A4F-8A75BD2635DE}"
EndProject
Global
	GlobalSection(SolutionConfigurationPlatforms) = preSolution
		Debug|Any CPU = Debug|Any CPU
		Release|Any CPU = Release|Any CPU
	EndGlobalSection
	GlobalSection(ProjectConfigurationPlatforms) = postSolution
		{FB61854D-EC66-4D4A-9226-450393AFFF83}.Debug|Any CPU.ActiveCfg = Debug|Any CPU
		{FB61854D-EC66-4D4A-9226-450393AFFF83}.Debug|Any CPU.Build.0 = Debug|Any CPU
		{FB61854D-EC66-4D4A-9226-450393AFFF83}.Release|Any CPU.ActiveCfg = Release|Any CPU
		{FB61854D-EC66-4D4A-9226-450393AFFF83}.Release|Any CPU.Build.0 = Release|Any CPU
		{68627424-DB15-4B00-88B0-555D3E697619}.Debug|Any CPU.ActiveCfg = Debug|Any CPU
		{68627424-DB15-4B00-88B0-555D3E697619}.Debug|Any CPU.Build.0 = Debug|Any CPU
		{68627424-DB15-4B00-88B0-555D3E697619}.Release|Any CPU.ActiveCfg = Release|Any CPU
		{68627424-DB15-4B00-88B0-555D3E697619}.Release|Any CPU.Build.0 = Release|Any CPU
		{56EDD263-AC4F-4A49-9894-F2A63CA85BDD}.Debug|Any CPU.ActiveCfg = Debug|Any CPU
		{56EDD263-AC4F-4A49-9894-F2A63CA85BDD}.Debug|Any CPU.Build.0 = Debug|Any CPU
		{56EDD263-AC4F-4A49-9894-F2A63CA85BDD}.Release|Any CPU.ActiveCfg = Release|Any CPU
		{56EDD263-AC4F-4A49-9894-F2A63CA85BDD}.Release|Any CPU.Build.0 = Release|Any CPU
		{C3438E61-A5CB-4075-8914-DB570E9D6C44}.Debug|Any CPU.ActiveCfg = Debug|Any CPU
		{C3438E61-A5CB-4075-8914-DB570E9D6C44}.Debug|Any CPU.Build.0 = Debug|Any CPU
		{C3438E61-A5CB-4075-8914-DB570E9D6C44}.Release|Any CPU.ActiveCfg = Release|Any CPU
		{C3438E61-A5CB-4075-8914-DB570E9D6C44}.Release|Any CPU.Build.0 = Release|Any CPU
		{EA8167C0-6D82-412A-836B-7310F20DC641}.Debug|Any CPU.ActiveCfg = Debug|Any CPU
		{EA8167C0-6D82-412A-836B-7310F20DC641}.Debug|Any CPU.Build.0 = Debug|Any CPU
		{EA8167C0-6D82-412A-836B-7310F20DC641}.Release|Any CPU.ActiveCfg = Release|Any CPU
		{EA8167C0-6D82-412A-836B-7310F20DC641}.Release|Any CPU.Build.0 = Release|Any CPU
		{6BCF698B-9E5C-4AB8-9132-DA4A29FFE20E}.Debug|Any CPU.ActiveCfg = Debug|Any CPU
		{6BCF698B-9E5C-4AB8-9132-DA4A29FFE20E}.Debug|Any CPU.Build.0 = Debug|Any CPU
		{6BCF698B-9E5C-4AB8-9132-DA4A29FFE20E}.Release|Any CPU.ActiveCfg = Release|Any CPU
		{6BCF698B-9E5C-4AB8-9132-DA4A29FFE20E}.Release|Any CPU.Build.0 = Release|Any CPU
		{D39D645A-FD54-44A3-8405-00205B8FC233}.Debug|Any CPU.ActiveCfg = Debug|Any CPU
		{D39D645A-FD54-44A3-8405-00205B8FC233}.Debug|Any CPU.Build.0 = Debug|Any CPU
		{D39D645A-FD54-44A3-8405-00205B8FC233}.Release|Any CPU.ActiveCfg = Release|Any CPU
		{D39D645A-FD54-44A3-8405-00205B8FC233}.Release|Any CPU.Build.0 = Release|Any CPU
		{EB06849D-FA68-483C-AD0F-E0A1AD4FF2E4}.Debug|Any CPU.ActiveCfg = Debug|Any CPU
		{EB06849D-FA68-483C-AD0F-E0A1AD4FF2E4}.Debug|Any CPU.Build.0 = Debug|Any CPU
		{EB06849D-FA68-483C-AD0F-E0A1AD4FF2E4}.Release|Any CPU.ActiveCfg = Release|Any CPU
		{EB06849D-FA68-483C-AD0F-E0A1AD4FF2E4}.Release|Any CPU.Build.0 = Release|Any CPU
		{AF633F5F-9F9E-46E1-9F46-E637E733FF06}.Debug|Any CPU.ActiveCfg = Debug|Any CPU
		{AF633F5F-9F9E-46E1-9F46-E637E733FF06}.Debug|Any CPU.Build.0 = Debug|Any CPU
		{AF633F5F-9F9E-46E1-9F46-E637E733FF06}.Release|Any CPU.ActiveCfg = Release|Any CPU
		{AF633F5F-9F9E-46E1-9F46-E637E733FF06}.Release|Any CPU.Build.0 = Release|Any CPU
		{1DC4C327-3014-40BC-8A4F-8A75BD2635DE}.Debug|Any CPU.ActiveCfg = Debug|Any CPU
		{1DC4C327-3014-40BC-8A4F-8A75BD2635DE}.Debug|Any CPU.Build.0 = Debug|Any CPU
		{1DC4C327-3014-40BC-8A4F-8A75BD2635DE}.Release|Any CPU.ActiveCfg = Release|Any CPU
		{1DC4C327-3014-40BC-8A4F-8A75BD2635DE}.Release|Any CPU.Build.0 = Release|Any CPU
	EndGlobalSection
	GlobalSection(SolutionProperties) = preSolution
		HideSolutionNode = FALSE
	EndGlobalSection
	GlobalSection(ExtensibilityGlobals) = postSolution
		SolutionGuid = {38311776-F69C-4A47-BB0E-09D3FE62C309}
	EndGlobalSection
EndGlobal
